
Microsoft Visual Studio Solution File, Format Version 12.00
# Visual Studio Version 17
VisualStudioVersion = 17.4.33103.184
MinimumVisualStudioVersion = 10.0.40219.1
Project("{FAE04EC0-301F-11D3-BF4B-00C04F79EFBC}") = "KLA-Console", "KLA-Console\KLA-Console.csproj", "{00C26758-EB5E-43D7-97E4-1D1D490F495B}"
EndProject
Project("{FAE04EC0-301F-11D3-BF4B-00C04F79EFBC}") = "KLA-Winform", "KLA-Winform\KLA-Winform.csproj", "{E98E52F2-1D6E-4609-9B53-F12481260C88}"
EndProject
Project("{F2A71F9B-5D33-465A-A702-920D77279786}") = "KLA-Web", "KLA-Web\KLA-Web.fsproj", "{B3CF0694-774A-42B7-B129-D09F2FEA4A64}"
EndProject
Global
	GlobalSection(SolutionConfigurationPlatforms) = preSolution
		Debug|Any CPU = Debug|Any CPU
		Release|Any CPU = Release|Any CPU
	EndGlobalSection
	GlobalSection(ProjectConfigurationPlatforms) = postSolution
		{00C26758-EB5E-43D7-97E4-1D1D490F495B}.Debug|Any CPU.ActiveCfg = Debug|Any CPU
		{00C26758-EB5E-43D7-97E4-1D1D490F495B}.Debug|Any CPU.Build.0 = Debug|Any CPU
		{00C26758-EB5E-43D7-97E4-1D1D490F495B}.Release|Any CPU.ActiveCfg = Release|Any CPU
		{00C26758-EB5E-43D7-97E4-1D1D490F495B}.Release|Any CPU.Build.0 = Release|Any CPU
		{E98E52F2-1D6E-4609-9B53-F12481260C88}.Debug|Any CPU.ActiveCfg = Debug|Any CPU
		{E98E52F2-1D6E-4609-9B53-F12481260C88}.Debug|Any CPU.Build.0 = Debug|Any CPU
		{E98E52F2-1D6E-4609-9B53-F12481260C88}.Release|Any CPU.ActiveCfg = Release|Any CPU
		{E98E52F2-1D6E-4609-9B53-F12481260C88}.Release|Any CPU.Build.0 = Release|Any CPU
		{B3CF0694-774A-42B7-B129-D09F2FEA4A64}.Debug|Any CPU.ActiveCfg = Debug|Any CPU
		{B3CF0694-774A-42B7-B129-D09F2FEA4A64}.Debug|Any CPU.Build.0 = Debug|Any CPU
		{B3CF0694-774A-42B7-B129-D09F2FEA4A64}.Release|Any CPU.ActiveCfg = Release|Any CPU
		{B3CF0694-774A-42B7-B129-D09F2FEA4A64}.Release|Any CPU.Build.0 = Release|Any CPU
	EndGlobalSection
	GlobalSection(SolutionProperties) = preSolution
		HideSolutionNode = FALSE
	EndGlobalSection
	GlobalSection(ExtensibilityGlobals) = postSolution
		SolutionGuid = {FF0ACB5E-1056-478A-9050-E3BF117514D9}
	EndGlobalSection
EndGlobal
