
Microsoft Visual Studio Solution File, Format Version 12.00
# Visual Studio Version 17
VisualStudioVersion = 17.4.33103.184
MinimumVisualStudioVersion = 10.0.40219.1
Project("{FAE04EC0-301F-11D3-BF4B-00C04F79EFBC}") = "KLA-Console", "KLA-Console\KLA-Console.csproj", "{00C26758-EB5E-43D7-97E4-1D1D490F495B}"
EndProject
Project("{9A19103F-16F7-4668-BE54-9A1E7A4F7556}") = "KLA-Winform", "KLA-Winform\KLA-Winform.csproj", "{E98E52F2-1D6E-4609-9B53-F12481260C88}"
EndProject
Project("{6EC3EE1D-3C4E-46DD-8F32-0CC8E7565705}") = "KLA-Web", "KLA-Web\KLA-Web.fsproj", "{B3CF0694-774A-42B7-B129-D09F2FEA4A64}"
EndProject
Project("{9A19103F-16F7-4668-BE54-9A1E7A4F7556}") = "Prepare", "Prepare\Prepare.csproj", "{DC1E4C8A-19F3-401C-ABD2-DBE52C83C260}"
EndProject
Project("{9A19103F-16F7-4668-BE54-9A1E7A4F7556}") = "KLA2", "KLA2\KLA2.csproj", "{14F5F66E-128F-480C-8B03-F85002E756F0}"
EndProject
Project("{9A19103F-16F7-4668-BE54-9A1E7A4F7556}") = "KLA3", "KLA3\KLA3.csproj", "{317377D3-F9D4-4DD9-9200-FFE2C6F3184F}"
EndProject
Project("{9A19103F-16F7-4668-BE54-9A1E7A4F7556}") = "KLA4-InpuitDataFromUser", "KLA4-InpuitDataFromUser\KLA4-InpuitDataFromUser.csproj", "{9D14BCC6-7A15-4C82-858C-21D4EAFD493F}"
EndProject
Project("{2150E333-8FDC-42A3-9474-1A3956D46DE8}") = "Solution Items", "Solution Items", "{600B04A4-1EFF-4A36-82FB-F4743B07A5AB}"
	ProjectSection(SolutionItems) = preProject
		Students.txt = Students.txt
	EndProjectSection
EndProject
Project("{9A19103F-16F7-4668-BE54-9A1E7A4F7556}") = "UniversityProject", "UniversityProject\UniversityProject.csproj", "{06DF632E-051A-4078-9382-CFF3319BFFF9}"
EndProject
Project("{FAE04EC0-301F-11D3-BF4B-00C04F79EFBC}") = "KLA4", "KLA4\KLA4.csproj", "{64522C43-2CD8-4DE4-BFC8-8362CFE9AF44}"
EndProject
Project("{FAE04EC0-301F-11D3-BF4B-00C04F79EFBC}") = "Sample.UI", "Sample.UI\Sample.UI.csproj", "{7676994A-7310-48EE-AA19-838E3BA02174}"
EndProject
Project("{FAE04EC0-301F-11D3-BF4B-00C04F79EFBC}") = "Sample.UI.Main", "Sample.UI.Main\Sample.UI.Main.csproj", "{B68D2F6D-0B94-4BD3-A7FD-3A90A2688283}"
EndProject
Project("{FAE04EC0-301F-11D3-BF4B-00C04F79EFBC}") = "Sample.ClassLibrary", "Sample.ClassLibrary\Sample.ClassLibrary.csproj", "{B23EA79B-7DB8-49EF-9977-377C96B1868B}"
EndProject
Project("{FAE04EC0-301F-11D3-BF4B-00C04F79EFBC}") = "ClassLibrary1", "ClassLibrary1\ClassLibrary1.csproj", "{29865605-41A0-4B9B-8324-AB6745E38353}"
EndProject
Project("{FAE04EC0-301F-11D3-BF4B-00C04F79EFBC}") = "WinFormsApp1", "WinFormsApp1\WinFormsApp1.csproj", "{74961A47-4236-4C11-8114-36C491433754}"
EndProject
Global
	GlobalSection(SolutionConfigurationPlatforms) = preSolution
		Debug|Any CPU = Debug|Any CPU
		Release|Any CPU = Release|Any CPU
	EndGlobalSection
	GlobalSection(ProjectConfigurationPlatforms) = postSolution
		{00C26758-EB5E-43D7-97E4-1D1D490F495B}.Debug|Any CPU.ActiveCfg = Debug|Any CPU
		{00C26758-EB5E-43D7-97E4-1D1D490F495B}.Debug|Any CPU.Build.0 = Debug|Any CPU
		{00C26758-EB5E-43D7-97E4-1D1D490F495B}.Release|Any CPU.ActiveCfg = Release|Any CPU
		{00C26758-EB5E-43D7-97E4-1D1D490F495B}.Release|Any CPU.Build.0 = Release|Any CPU
		{E98E52F2-1D6E-4609-9B53-F12481260C88}.Debug|Any CPU.ActiveCfg = Debug|Any CPU
		{E98E52F2-1D6E-4609-9B53-F12481260C88}.Debug|Any CPU.Build.0 = Debug|Any CPU
		{E98E52F2-1D6E-4609-9B53-F12481260C88}.Release|Any CPU.ActiveCfg = Release|Any CPU
		{E98E52F2-1D6E-4609-9B53-F12481260C88}.Release|Any CPU.Build.0 = Release|Any CPU
		{B3CF0694-774A-42B7-B129-D09F2FEA4A64}.Debug|Any CPU.ActiveCfg = Debug|Any CPU
		{B3CF0694-774A-42B7-B129-D09F2FEA4A64}.Debug|Any CPU.Build.0 = Debug|Any CPU
		{B3CF0694-774A-42B7-B129-D09F2FEA4A64}.Release|Any CPU.ActiveCfg = Release|Any CPU
		{B3CF0694-774A-42B7-B129-D09F2FEA4A64}.Release|Any CPU.Build.0 = Release|Any CPU
		{DC1E4C8A-19F3-401C-ABD2-DBE52C83C260}.Debug|Any CPU.ActiveCfg = Debug|Any CPU
		{DC1E4C8A-19F3-401C-ABD2-DBE52C83C260}.Debug|Any CPU.Build.0 = Debug|Any CPU
		{DC1E4C8A-19F3-401C-ABD2-DBE52C83C260}.Release|Any CPU.ActiveCfg = Release|Any CPU
		{DC1E4C8A-19F3-401C-ABD2-DBE52C83C260}.Release|Any CPU.Build.0 = Release|Any CPU
		{14F5F66E-128F-480C-8B03-F85002E756F0}.Debug|Any CPU.ActiveCfg = Debug|Any CPU
		{14F5F66E-128F-480C-8B03-F85002E756F0}.Debug|Any CPU.Build.0 = Debug|Any CPU
		{14F5F66E-128F-480C-8B03-F85002E756F0}.Release|Any CPU.ActiveCfg = Release|Any CPU
		{14F5F66E-128F-480C-8B03-F85002E756F0}.Release|Any CPU.Build.0 = Release|Any CPU
		{317377D3-F9D4-4DD9-9200-FFE2C6F3184F}.Debug|Any CPU.ActiveCfg = Debug|Any CPU
		{317377D3-F9D4-4DD9-9200-FFE2C6F3184F}.Debug|Any CPU.Build.0 = Debug|Any CPU
		{317377D3-F9D4-4DD9-9200-FFE2C6F3184F}.Release|Any CPU.ActiveCfg = Release|Any CPU
		{317377D3-F9D4-4DD9-9200-FFE2C6F3184F}.Release|Any CPU.Build.0 = Release|Any CPU
		{9D14BCC6-7A15-4C82-858C-21D4EAFD493F}.Debug|Any CPU.ActiveCfg = Debug|Any CPU
		{9D14BCC6-7A15-4C82-858C-21D4EAFD493F}.Debug|Any CPU.Build.0 = Debug|Any CPU
		{9D14BCC6-7A15-4C82-858C-21D4EAFD493F}.Release|Any CPU.ActiveCfg = Release|Any CPU
		{9D14BCC6-7A15-4C82-858C-21D4EAFD493F}.Release|Any CPU.Build.0 = Release|Any CPU
		{06DF632E-051A-4078-9382-CFF3319BFFF9}.Debug|Any CPU.ActiveCfg = Debug|Any CPU
		{06DF632E-051A-4078-9382-CFF3319BFFF9}.Debug|Any CPU.Build.0 = Debug|Any CPU
		{06DF632E-051A-4078-9382-CFF3319BFFF9}.Release|Any CPU.ActiveCfg = Release|Any CPU
		{06DF632E-051A-4078-9382-CFF3319BFFF9}.Release|Any CPU.Build.0 = Release|Any CPU
		{64522C43-2CD8-4DE4-BFC8-8362CFE9AF44}.Debug|Any CPU.ActiveCfg = Debug|Any CPU
		{64522C43-2CD8-4DE4-BFC8-8362CFE9AF44}.Debug|Any CPU.Build.0 = Debug|Any CPU
		{64522C43-2CD8-4DE4-BFC8-8362CFE9AF44}.Release|Any CPU.ActiveCfg = Release|Any CPU
		{64522C43-2CD8-4DE4-BFC8-8362CFE9AF44}.Release|Any CPU.Build.0 = Release|Any CPU
		{7676994A-7310-48EE-AA19-838E3BA02174}.Debug|Any CPU.ActiveCfg = Debug|Any CPU
		{7676994A-7310-48EE-AA19-838E3BA02174}.Debug|Any CPU.Build.0 = Debug|Any CPU
		{7676994A-7310-48EE-AA19-838E3BA02174}.Release|Any CPU.ActiveCfg = Release|Any CPU
		{7676994A-7310-48EE-AA19-838E3BA02174}.Release|Any CPU.Build.0 = Release|Any CPU
		{B68D2F6D-0B94-4BD3-A7FD-3A90A2688283}.Debug|Any CPU.ActiveCfg = Debug|Any CPU
		{B68D2F6D-0B94-4BD3-A7FD-3A90A2688283}.Debug|Any CPU.Build.0 = Debug|Any CPU
		{B68D2F6D-0B94-4BD3-A7FD-3A90A2688283}.Release|Any CPU.ActiveCfg = Release|Any CPU
		{B68D2F6D-0B94-4BD3-A7FD-3A90A2688283}.Release|Any CPU.Build.0 = Release|Any CPU
		{B23EA79B-7DB8-49EF-9977-377C96B1868B}.Debug|Any CPU.ActiveCfg = Debug|Any CPU
		{B23EA79B-7DB8-49EF-9977-377C96B1868B}.Debug|Any CPU.Build.0 = Debug|Any CPU
		{B23EA79B-7DB8-49EF-9977-377C96B1868B}.Release|Any CPU.ActiveCfg = Release|Any CPU
		{B23EA79B-7DB8-49EF-9977-377C96B1868B}.Release|Any CPU.Build.0 = Release|Any CPU
		{29865605-41A0-4B9B-8324-AB6745E38353}.Debug|Any CPU.ActiveCfg = Debug|Any CPU
		{29865605-41A0-4B9B-8324-AB6745E38353}.Debug|Any CPU.Build.0 = Debug|Any CPU
		{29865605-41A0-4B9B-8324-AB6745E38353}.Release|Any CPU.ActiveCfg = Release|Any CPU
		{29865605-41A0-4B9B-8324-AB6745E38353}.Release|Any CPU.Build.0 = Release|Any CPU
		{74961A47-4236-4C11-8114-36C491433754}.Debug|Any CPU.ActiveCfg = Debug|Any CPU
		{74961A47-4236-4C11-8114-36C491433754}.Debug|Any CPU.Build.0 = Debug|Any CPU
		{74961A47-4236-4C11-8114-36C491433754}.Release|Any CPU.ActiveCfg = Release|Any CPU
		{74961A47-4236-4C11-8114-36C491433754}.Release|Any CPU.Build.0 = Release|Any CPU
	EndGlobalSection
	GlobalSection(SolutionProperties) = preSolution
		HideSolutionNode = FALSE
	EndGlobalSection
	GlobalSection(ExtensibilityGlobals) = postSolution
		SolutionGuid = {FF0ACB5E-1056-478A-9050-E3BF117514D9}
	EndGlobalSection
EndGlobal
